
Microsoft Visual Studio Solution File, Format Version 12.00
# Visual Studio 15
Project("{FAE04EC0-301F-11D3-BF4B-00C04F79EFBC}") = "Assembly-CSharp", "Assembly-CSharp.csproj", "{96078104-0CB9-C3F2-3C79-D214E7AB1EFE}"
EndProject
Project("{FAE04EC0-301F-11D3-BF4B-00C04F79EFBC}") = "Assembly-CSharp-Editor", "Assembly-CSharp-Editor.csproj", "{2F101003-8326-E694-0692-87D595DCAC40}"
EndProject
Global
	GlobalSection(SolutionConfigurationPlatforms) = preSolution
		Debug|Any CPU = Debug|Any CPU
		Release|Any CPU = Release|Any CPU
	EndGlobalSection
	GlobalSection(ProjectConfigurationPlatforms) = postSolution
		{96078104-0CB9-C3F2-3C79-D214E7AB1EFE}.Debug|Any CPU.ActiveCfg = Debug|Any CPU
		{96078104-0CB9-C3F2-3C79-D214E7AB1EFE}.Debug|Any CPU.Build.0 = Debug|Any CPU
		{96078104-0CB9-C3F2-3C79-D214E7AB1EFE}.Release|Any CPU.ActiveCfg = Release|Any CPU
		{96078104-0CB9-C3F2-3C79-D214E7AB1EFE}.Release|Any CPU.Build.0 = Release|Any CPU
		{2F101003-8326-E694-0692-87D595DCAC40}.Debug|Any CPU.ActiveCfg = Debug|Any CPU
		{2F101003-8326-E694-0692-87D595DCAC40}.Debug|Any CPU.Build.0 = Debug|Any CPU
		{2F101003-8326-E694-0692-87D595DCAC40}.Release|Any CPU.ActiveCfg = Release|Any CPU
		{2F101003-8326-E694-0692-87D595DCAC40}.Release|Any CPU.Build.0 = Release|Any CPU
	EndGlobalSection
	GlobalSection(SolutionProperties) = preSolution
		HideSolutionNode = FALSE
	EndGlobalSection
EndGlobal
